{
  "schemaVersion": 1,
  "digest": "sha256:fb90a103081611585b7d891ac5b19725a1bb35dc537c07e1a812a4a700ba365e",
  "source": {
    "type": "git",
    "url": "https://github.com/reggi/webcard-site.git",
    "path": ".knitto",
    "ref": "v0.1.4"
  },
  "engine": {
    "package": "knitto",
    "version": "0.3.0"
  },
  "provenance": {
    "sourceType": "git",
    "locator": "https://github.com/reggi/webcard-site.git",
    "templatePath": ".knitto",
    "revision": "df93f42808fe1f380fdacaf638313ceb60cbecd8"
  },
  "templateSchemaVersion": 1,
  "resolvedAt": "2026-10-08T05:37:41.507Z"
}
