{
  "schemaVersion": 1,
  "digest": "sha256:791a71d53028dc65cce1da808034368156d527e657854a8515b0e13264a402ff",
  "source": {
    "type": "git",
    "url": "https://github.com/reggi/webcard-site.git",
    "path": ".knitto",
    "ref": "v0.1.6"
  },
  "engine": {
    "package": "knitto",
    "version": "0.3.0"
  },
  "provenance": {
    "sourceType": "git",
    "locator": "https://github.com/reggi/webcard-site.git",
    "templatePath": ".knitto",
    "revision": "ce4d25dd8fcf5cb6ba72e5afc12b75ad7d858ecf"
  },
  "templateSchemaVersion": 1,
  "resolvedAt": "2026-10-08T05:43:46.921Z"
}
