{
  "schemaVersion": 1,
  "digest": "sha256:b363fb4a53ab917151fb5ee827813af6ba8b70a13372b094617aa924e03327a6",
  "source": {
    "type": "git",
    "url": "https://github.com/reggi/webcard-site.git",
    "path": ".knitto",
    "ref": "v0.1.5"
  },
  "engine": {
    "package": "knitto",
    "version": "0.3.0"
  },
  "provenance": {
    "sourceType": "git",
    "locator": "https://github.com/reggi/webcard-site.git",
    "templatePath": ".knitto",
    "revision": "eaca2308f55b2ff469ed73d615b0496ad2888f3d"
  },
  "templateSchemaVersion": 1,
  "resolvedAt": "2026-10-08T05:40:55.081Z"
}
